
Microsoft Visual Studio Solution File, Format Version 12.00
# Visual Studio 2012
Project("{E24C65DC-7377-472B-9ABA-BC803B73C61A}") = "WebPartido", "http://localhost:2324", "{B0BA79C7-ED2D-4C48-9B97-55F23B4D1EFC}"
	ProjectSection(WebsiteProperties) = preProject
		UseIISExpress = "true"
		TargetFrameworkMoniker = ".NETFramework,Version%3Dv4.5"
		Debug.AspNetCompiler.VirtualPath = "/localhost_2324"
		Debug.AspNetCompiler.PhysicalPath = "..\..\WebSites\WebPartido\"
		Debug.AspNetCompiler.TargetPath = "PrecompiledWeb\localhost_2324\"
		Debug.AspNetCompiler.Updateable = "true"
		Debug.AspNetCompiler.ForceOverwrite = "true"
		Debug.AspNetCompiler.FixedNames = "false"
		Debug.AspNetCompiler.Debug = "True"
		Release.AspNetCompiler.VirtualPath = "/localhost_2324"
		Release.AspNetCompiler.PhysicalPath = "..\..\WebSites\WebPartido\"
		Release.AspNetCompiler.TargetPath = "PrecompiledWeb\localhost_2324\"
		Release.AspNetCompiler.Updateable = "true"
		Release.AspNetCompiler.ForceOverwrite = "true"
		Release.AspNetCompiler.FixedNames = "false"
		Release.AspNetCompiler.Debug = "False"
		SlnRelativePath = "..\..\WebSites\WebPartido\"
		DefaultWebSiteLanguage = "Visual C#"
	EndProjectSection
EndProject
Global
	GlobalSection(SolutionConfigurationPlatforms) = preSolution
		Debug|Any CPU = Debug|Any CPU
	EndGlobalSection
	GlobalSection(ProjectConfigurationPlatforms) = postSolution
		{B0BA79C7-ED2D-4C48-9B97-55F23B4D1EFC}.Debug|Any CPU.ActiveCfg = Debug|Any CPU
		{B0BA79C7-ED2D-4C48-9B97-55F23B4D1EFC}.Debug|Any CPU.Build.0 = Debug|Any CPU
	EndGlobalSection
	GlobalSection(SolutionProperties) = preSolution
		HideSolutionNode = FALSE
	EndGlobalSection
EndGlobal
